// !$*UTF8*$!
{
	archiveVersion = 1;
	classes = {
	};
	objectVersion = 56;
	objects = {

/* Begin PBXBuildFile section */
		AB330ED92BD9920800FC06CE /* libVkLayer_khronos_profiles.dylib in CopyFiles */ = {isa = PBXBuildFile; fileRef = AB330ED02BD9920700FC06CE /* libVkLayer_khronos_profiles.dylib */; settings = {ATTRIBUTES = (CodeSignOnCopy, ); }; };
		AB330EDA2BD9920800FC06CE /* libvulkan.dylib in Frameworks */ = {isa = PBXBuildFile; fileRef = AB330ED12BD9920700FC06CE /* libvulkan.dylib */; };
		AB330EDB2BD9920800FC06CE /* libVkLayer_khronos_synchronization2.dylib in CopyFiles */ = {isa = PBXBuildFile; fileRef = AB330ED22BD9920700FC06CE /* libVkLayer_khronos_synchronization2.dylib */; settings = {ATTRIBUTES = (CodeSignOnCopy, ); }; };
		AB330EDC2BD9920800FC06CE /* libVkLayer_khronos_validation.dylib in CopyFiles */ = {isa = PBXBuildFile; fileRef = AB330ED32BD9920700FC06CE /* libVkLayer_khronos_validation.dylib */; settings = {ATTRIBUTES = (CodeSignOnCopy, ); }; };
		AB330EDF2BD9920800FC06CE /* libVkLayer_api_dump.dylib in CopyFiles */ = {isa = PBXBuildFile; fileRef = AB330ED62BD9920800FC06CE /* libVkLayer_api_dump.dylib */; settings = {ATTRIBUTES = (CodeSignOnCopy, ); }; };
		AB330EE02BD9920800FC06CE /* libVkLayer_khronos_shader_object.dylib in CopyFiles */ = {isa = PBXBuildFile; fileRef = AB330ED72BD9920800FC06CE /* libVkLayer_khronos_shader_object.dylib */; settings = {ATTRIBUTES = (CodeSignOnCopy, ); }; };
		AB330EE12BD9920800FC06CE /* libVkLayer_screenshot.dylib in CopyFiles */ = {isa = PBXBuildFile; fileRef = AB330ED82BD9920800FC06CE /* libVkLayer_screenshot.dylib */; settings = {ATTRIBUTES = (CodeSignOnCopy, ); }; };
		AB330EE32BD9929000FC06CE /* libvulkan.1.dylib in CopyFiles */ = {isa = PBXBuildFile; fileRef = AB330ED42BD9920800FC06CE /* libvulkan.1.dylib */; settings = {ATTRIBUTES = (CodeSignOnCopy, ); }; };
		AB330EE42BD9929000FC06CE /* libvulkan.dylib in CopyFiles */ = {isa = PBXBuildFile; fileRef = AB330ED12BD9920700FC06CE /* libvulkan.dylib */; settings = {ATTRIBUTES = (CodeSignOnCopy, ); }; };
		AB330EE52BD992AD00FC06CE /* libvulkan.1.3.280.dylib in CopyFiles */ = {isa = PBXBuildFile; fileRef = AB330ECE2BD9919400FC06CE /* libvulkan.1.3.280.dylib */; settings = {ATTRIBUTES = (CodeSignOnCopy, ); }; };
		AB330EE72BD993E600FC06CE /* libMoltenVK.dylib in Frameworks */ = {isa = PBXBuildFile; fileRef = AB330EE62BD993E600FC06CE /* libMoltenVK.dylib */; };
		AB330EE82BD993F500FC06CE /* libMoltenVK.dylib in CopyFiles */ = {isa = PBXBuildFile; fileRef = AB330EE62BD993E600FC06CE /* libMoltenVK.dylib */; settings = {ATTRIBUTES = (CodeSignOnCopy, ); }; };
		AB330EEB2BD9D46700FC06CE /* ModelerViewController.swift in Sources */ = {isa = PBXBuildFile; fileRef = AB330EEA2BD9D46700FC06CE /* ModelerViewController.swift */; };
		AB42D93B2B17BF5E00CAF4C0 /* ModelerWindow.swift in Sources */ = {isa = PBXBuildFile; fileRef = AB42D93A2B17BF5E00CAF4C0 /* ModelerWindow.swift */; };
		AB4D1BEA2B384A0200717FEC /* modeler.a in Frameworks */ = {isa = PBXBuildFile; fileRef = AB4D1BE92B384A0200717FEC /* modeler.a */; };
		AB60A70F2A6CFBE0001D4DB2 /* main.swift in Sources */ = {isa = PBXBuildFile; fileRef = AB60A70E2A6CFBE0001D4DB2 /* main.swift */; };
		AB6C10242BA0F9A9004667E0 /* triangle.frag.spv in Resources */ = {isa = PBXBuildFile; fileRef = AB3270852B83303E000500E5 /* triangle.frag.spv */; };
		AB6C10252BA0F9A9004667E0 /* triangle.vert.spv in Resources */ = {isa = PBXBuildFile; fileRef = AB3270862B83303E000500E5 /* triangle.vert.spv */; };
		AB6C10262BA0F9A9004667E0 /* window_border.frag.spv in Resources */ = {isa = PBXBuildFile; fileRef = AB6794C62A5E7C5600FF94B9 /* window_border.frag.spv */; };
		AB6C10272BA0F9A9004667E0 /* window_border.vert.spv in Resources */ = {isa = PBXBuildFile; fileRef = AB6794C52A5E7C5600FF94B9 /* window_border.vert.spv */; };
		AB7E0B0B2D163FE40068EC79 /* lenna.rgba in Resources */ = {isa = PBXBuildFile; fileRef = AB7E0B0A2D163FE30068EC79 /* lenna.rgba */; };
		ABC0F3052C02C93700771076 /* imgui.a in Frameworks */ = {isa = PBXBuildFile; fileRef = AB4D1BEB2B384AC500717FEC /* imgui.a */; };
		ABC0F3072C05B82B00771076 /* roboto.ttf in Resources */ = {isa = PBXBuildFile; fileRef = ABC0F3062C05B82B00771076 /* roboto.ttf */; };
		ABD9E0172B2BA4F8008932DB /* ModelerWindowController.swift in Sources */ = {isa = PBXBuildFile; fileRef = ABD9E0162B2BA4F8008932DB /* ModelerWindowController.swift */; };
		ABE1DEF52A3592D600A963A6 /* vulkan in Resources */ = {isa = PBXBuildFile; fileRef = ABE1DEF42A3592D600A963A6 /* vulkan */; };
		ABE1DF2A2A40C18800A963A6 /* AppDelegate.swift in Sources */ = {isa = PBXBuildFile; fileRef = ABE1DF292A40C18800A963A6 /* AppDelegate.swift */; };
		ABF1623B2A34E3A7007655F7 /* ModelerView.swift in Sources */ = {isa = PBXBuildFile; fileRef = ABF1623A2A34E3A7007655F7 /* ModelerView.swift */; };
		ABF1623D2A34E3AC007655F7 /* Assets.xcassets in Resources */ = {isa = PBXBuildFile; fileRef = ABF1623C2A34E3AC007655F7 /* Assets.xcassets */; };
		ABF162402A34E3AC007655F7 /* Preview Assets.xcassets in Resources */ = {isa = PBXBuildFile; fileRef = ABF1623F2A34E3AC007655F7 /* Preview Assets.xcassets */; };
/* End PBXBuildFile section */

/* Begin PBXCopyFilesBuildPhase section */
		AB1511F12A35145900A6D87E /* CopyFiles */ = {
			isa = PBXCopyFilesBuildPhase;
			buildActionMask = 2147483647;
			dstPath = "";
			dstSubfolderSpec = 10;
			files = (
				AB330EE82BD993F500FC06CE /* libMoltenVK.dylib in CopyFiles */,
				AB330EE52BD992AD00FC06CE /* libvulkan.1.3.280.dylib in CopyFiles */,
				AB330EE32BD9929000FC06CE /* libvulkan.1.dylib in CopyFiles */,
				AB330EE42BD9929000FC06CE /* libvulkan.dylib in CopyFiles */,
				AB330ED92BD9920800FC06CE /* libVkLayer_khronos_profiles.dylib in CopyFiles */,
				AB330EDB2BD9920800FC06CE /* libVkLayer_khronos_synchronization2.dylib in CopyFiles */,
				AB330EDC2BD9920800FC06CE /* libVkLayer_khronos_validation.dylib in CopyFiles */,
				AB330EDF2BD9920800FC06CE /* libVkLayer_api_dump.dylib in CopyFiles */,
				AB330EE12BD9920800FC06CE /* libVkLayer_screenshot.dylib in CopyFiles */,
				AB330EE02BD9920800FC06CE /* libVkLayer_khronos_shader_object.dylib in CopyFiles */,
			);
			runOnlyForDeploymentPostprocessing = 0;
		};
/* End PBXCopyFilesBuildPhase section */

/* Begin PBXFileReference section */
		AB1511E62A34F6B000A6D87E /* modeler-Bridging-Header.h */ = {isa = PBXFileReference; lastKnownFileType = sourcecode.c.h; path = "modeler-Bridging-Header.h"; sourceTree = "<group>"; };
		AB3270852B83303E000500E5 /* triangle.frag.spv */ = {isa = PBXFileReference; lastKnownFileType = file; name = triangle.frag.spv; path = ../triangle.frag.spv; sourceTree = "<group>"; };
		AB3270862B83303E000500E5 /* triangle.vert.spv */ = {isa = PBXFileReference; lastKnownFileType = file; name = triangle.vert.spv; path = ../triangle.vert.spv; sourceTree = "<group>"; };
		AB330ECE2BD9919400FC06CE /* libvulkan.1.3.280.dylib */ = {isa = PBXFileReference; lastKnownFileType = "compiled.mach-o.dylib"; name = libvulkan.1.3.280.dylib; path = macOS/lib/libvulkan.1.3.280.dylib; sourceTree = VULKAN_SDK; };
		AB330ED02BD9920700FC06CE /* libVkLayer_khronos_profiles.dylib */ = {isa = PBXFileReference; lastKnownFileType = "compiled.mach-o.bundle"; name = libVkLayer_khronos_profiles.dylib; path = macOS/lib/libVkLayer_khronos_profiles.dylib; sourceTree = VULKAN_SDK; };
		AB330ED12BD9920700FC06CE /* libvulkan.dylib */ = {isa = PBXFileReference; lastKnownFileType = "compiled.mach-o.dylib"; name = libvulkan.dylib; path = macOS/lib/libvulkan.dylib; sourceTree = VULKAN_SDK; };
		AB330ED22BD9920700FC06CE /* libVkLayer_khronos_synchronization2.dylib */ = {isa = PBXFileReference; lastKnownFileType = "compiled.mach-o.bundle"; name = libVkLayer_khronos_synchronization2.dylib; path = macOS/lib/libVkLayer_khronos_synchronization2.dylib; sourceTree = VULKAN_SDK; };
		AB330ED32BD9920700FC06CE /* libVkLayer_khronos_validation.dylib */ = {isa = PBXFileReference; lastKnownFileType = "compiled.mach-o.bundle"; name = libVkLayer_khronos_validation.dylib; path = macOS/lib/libVkLayer_khronos_validation.dylib; sourceTree = VULKAN_SDK; };
		AB330ED42BD9920800FC06CE /* libvulkan.1.dylib */ = {isa = PBXFileReference; lastKnownFileType = "compiled.mach-o.dylib"; name = libvulkan.1.dylib; path = macOS/lib/libvulkan.1.dylib; sourceTree = VULKAN_SDK; };
		AB330ED62BD9920800FC06CE /* libVkLayer_api_dump.dylib */ = {isa = PBXFileReference; lastKnownFileType = "compiled.mach-o.bundle"; name = libVkLayer_api_dump.dylib; path = macOS/lib/libVkLayer_api_dump.dylib; sourceTree = VULKAN_SDK; };
		AB330ED72BD9920800FC06CE /* libVkLayer_khronos_shader_object.dylib */ = {isa = PBXFileReference; lastKnownFileType = "compiled.mach-o.bundle"; name = libVkLayer_khronos_shader_object.dylib; path = macOS/lib/libVkLayer_khronos_shader_object.dylib; sourceTree = VULKAN_SDK; };
		AB330ED82BD9920800FC06CE /* libVkLayer_screenshot.dylib */ = {isa = PBXFileReference; lastKnownFileType = "compiled.mach-o.bundle"; name = libVkLayer_screenshot.dylib; path = macOS/lib/libVkLayer_screenshot.dylib; sourceTree = VULKAN_SDK; };
		AB330EE62BD993E600FC06CE /* libMoltenVK.dylib */ = {isa = PBXFileReference; lastKnownFileType = "compiled.mach-o.dylib"; name = libMoltenVK.dylib; path = macOS/lib/libMoltenVK.dylib; sourceTree = VULKAN_SDK; };
		AB330EE92BD99D3A00FC06CE /* Info.plist */ = {isa = PBXFileReference; lastKnownFileType = text.plist; path = Info.plist; sourceTree = "<group>"; };
		AB330EEA2BD9D46700FC06CE /* ModelerViewController.swift */ = {isa = PBXFileReference; lastKnownFileType = sourcecode.swift; path = ModelerViewController.swift; sourceTree = "<group>"; };
		AB42D93A2B17BF5E00CAF4C0 /* ModelerWindow.swift */ = {isa = PBXFileReference; lastKnownFileType = sourcecode.swift; path = ModelerWindow.swift; sourceTree = "<group>"; };
		AB4D1BE92B384A0200717FEC /* modeler.a */ = {isa = PBXFileReference; lastKnownFileType = archive.ar; name = modeler.a; path = ../modeler.a; sourceTree = "<group>"; };
		AB4D1BEB2B384AC500717FEC /* imgui.a */ = {isa = PBXFileReference; lastKnownFileType = archive.ar; name = imgui.a; path = ../imgui.a; sourceTree = "<group>"; };
		AB60A70E2A6CFBE0001D4DB2 /* main.swift */ = {isa = PBXFileReference; lastKnownFileType = sourcecode.swift; path = main.swift; sourceTree = "<group>"; };
		AB6794C52A5E7C5600FF94B9 /* window_border.vert.spv */ = {isa = PBXFileReference; lastKnownFileType = file; name = window_border.vert.spv; path = ../window_border.vert.spv; sourceTree = "<group>"; };
		AB6794C62A5E7C5600FF94B9 /* window_border.frag.spv */ = {isa = PBXFileReference; lastKnownFileType = file; name = window_border.frag.spv; path = ../window_border.frag.spv; sourceTree = "<group>"; };
		AB7E0B0A2D163FE30068EC79 /* lenna.rgba */ = {isa = PBXFileReference; lastKnownFileType = text; name = lenna.rgba; path = ../images/lenna.rgba; sourceTree = "<group>"; };
		ABC0F3062C05B82B00771076 /* roboto.ttf */ = {isa = PBXFileReference; lastKnownFileType = file; name = roboto.ttf; path = ../roboto.ttf; sourceTree = "<group>"; };
		ABD9E0162B2BA4F8008932DB /* ModelerWindowController.swift */ = {isa = PBXFileReference; lastKnownFileType = sourcecode.swift; path = ModelerWindowController.swift; sourceTree = "<group>"; };
		ABE1DEF42A3592D600A963A6 /* vulkan */ = {isa = PBXFileReference; lastKnownFileType = folder; path = vulkan; sourceTree = "<group>"; };
		ABE1DF292A40C18800A963A6 /* AppDelegate.swift */ = {isa = PBXFileReference; lastKnownFileType = sourcecode.swift; path = AppDelegate.swift; sourceTree = "<group>"; };
		ABF162352A34E3A7007655F7 /* modeler.app */ = {isa = PBXFileReference; explicitFileType = wrapper.application; includeInIndex = 0; path = modeler.app; sourceTree = BUILT_PRODUCTS_DIR; };
		ABF1623A2A34E3A7007655F7 /* ModelerView.swift */ = {isa = PBXFileReference; lastKnownFileType = sourcecode.swift; path = ModelerView.swift; sourceTree = "<group>"; };
		ABF1623C2A34E3AC007655F7 /* Assets.xcassets */ = {isa = PBXFileReference; lastKnownFileType = folder.assetcatalog; path = Assets.xcassets; sourceTree = "<group>"; };
		ABF1623F2A34E3AC007655F7 /* Preview Assets.xcassets */ = {isa = PBXFileReference; lastKnownFileType = folder.assetcatalog; path = "Preview Assets.xcassets"; sourceTree = "<group>"; };
		ABF162412A34E3AC007655F7 /* modeler.entitlements */ = {isa = PBXFileReference; lastKnownFileType = text.plist.entitlements; path = modeler.entitlements; sourceTree = "<group>"; };
/* End PBXFileReference section */

/* Begin PBXFrameworksBuildPhase section */
		ABF162322A34E3A7007655F7 /* Frameworks */ = {
			isa = PBXFrameworksBuildPhase;
			buildActionMask = 2147483647;
			files = (
				ABC0F3052C02C93700771076 /* imgui.a in Frameworks */,
				AB330EDA2BD9920800FC06CE /* libvulkan.dylib in Frameworks */,
				AB4D1BEA2B384A0200717FEC /* modeler.a in Frameworks */,
				AB330EE72BD993E600FC06CE /* libMoltenVK.dylib in Frameworks */,
			);
			runOnlyForDeploymentPostprocessing = 0;
		};
/* End PBXFrameworksBuildPhase section */

/* Begin PBXGroup section */
		AB1511E92A3505B800A6D87E /* Frameworks */ = {
			isa = PBXGroup;
			children = (
				AB330EE62BD993E600FC06CE /* libMoltenVK.dylib */,
				AB330ED82BD9920800FC06CE /* libVkLayer_screenshot.dylib */,
				AB330ECE2BD9919400FC06CE /* libvulkan.1.3.280.dylib */,
				AB4D1BEB2B384AC500717FEC /* imgui.a */,
				AB4D1BE92B384A0200717FEC /* modeler.a */,
				AB330ED62BD9920800FC06CE /* libVkLayer_api_dump.dylib */,
				AB330ED02BD9920700FC06CE /* libVkLayer_khronos_profiles.dylib */,
				AB330ED72BD9920800FC06CE /* libVkLayer_khronos_shader_object.dylib */,
				AB330ED22BD9920700FC06CE /* libVkLayer_khronos_synchronization2.dylib */,
				AB330ED32BD9920700FC06CE /* libVkLayer_khronos_validation.dylib */,
				AB330ED42BD9920800FC06CE /* libvulkan.1.dylib */,
				AB330ED12BD9920700FC06CE /* libvulkan.dylib */,
			);
			name = Frameworks;
			sourceTree = "<group>";
		};
		ABF1622C2A34E3A6007655F7 = {
			isa = PBXGroup;
			children = (
				AB7E0B0A2D163FE30068EC79 /* lenna.rgba */,
				ABC0F3062C05B82B00771076 /* roboto.ttf */,
				AB3270852B83303E000500E5 /* triangle.frag.spv */,
				AB3270862B83303E000500E5 /* triangle.vert.spv */,
				AB6794C62A5E7C5600FF94B9 /* window_border.frag.spv */,
				AB6794C52A5E7C5600FF94B9 /* window_border.vert.spv */,
				ABE1DEF42A3592D600A963A6 /* vulkan */,
				ABF162372A34E3A7007655F7 /* modeler */,
				ABF162362A34E3A7007655F7 /* Products */,
				AB1511E92A3505B800A6D87E /* Frameworks */,
			);
			sourceTree = "<group>";
		};
		ABF162362A34E3A7007655F7 /* Products */ = {
			isa = PBXGroup;
			children = (
				ABF162352A34E3A7007655F7 /* modeler.app */,
			);
			name = Products;
			sourceTree = "<group>";
		};
		ABF162372A34E3A7007655F7 /* modeler */ = {
			isa = PBXGroup;
			children = (
				AB330EE92BD99D3A00FC06CE /* Info.plist */,
				ABF1623A2A34E3A7007655F7 /* ModelerView.swift */,
				ABF1623C2A34E3AC007655F7 /* Assets.xcassets */,
				ABF162412A34E3AC007655F7 /* modeler.entitlements */,
				ABF1623E2A34E3AC007655F7 /* Preview Content */,
				AB1511E62A34F6B000A6D87E /* modeler-Bridging-Header.h */,
				ABE1DF292A40C18800A963A6 /* AppDelegate.swift */,
				AB60A70E2A6CFBE0001D4DB2 /* main.swift */,
				AB42D93A2B17BF5E00CAF4C0 /* ModelerWindow.swift */,
				ABD9E0162B2BA4F8008932DB /* ModelerWindowController.swift */,
				AB330EEA2BD9D46700FC06CE /* ModelerViewController.swift */,
			);
			path = modeler;
			sourceTree = "<group>";
		};
		ABF1623E2A34E3AC007655F7 /* Preview Content */ = {
			isa = PBXGroup;
			children = (
				ABF1623F2A34E3AC007655F7 /* Preview Assets.xcassets */,
			);
			path = "Preview Content";
			sourceTree = "<group>";
		};
/* End PBXGroup section */

/* Begin PBXNativeTarget section */
		ABF162342A34E3A7007655F7 /* modeler */ = {
			isa = PBXNativeTarget;
			buildConfigurationList = ABF162442A34E3AC007655F7 /* Build configuration list for PBXNativeTarget "modeler" */;
			buildPhases = (
				AB4D1BEE2B384CBF00717FEC /* Run make */,
				ABF162312A34E3A7007655F7 /* Sources */,
				ABF162322A34E3A7007655F7 /* Frameworks */,
				ABF162332A34E3A7007655F7 /* Resources */,
				AB1511F12A35145900A6D87E /* CopyFiles */,
			);
			buildRules = (
			);
			dependencies = (
			);
			name = modeler;
			productName = modeler;
			productReference = ABF162352A34E3A7007655F7 /* modeler.app */;
			productType = "com.apple.product-type.application";
		};
/* End PBXNativeTarget section */

/* Begin PBXProject section */
		ABF1622D2A34E3A6007655F7 /* Project object */ = {
			isa = PBXProject;
			attributes = {
				BuildIndependentTargetsInParallel = 1;
				LastSwiftUpdateCheck = 1410;
				LastUpgradeCheck = 1410;
				TargetAttributes = {
					ABF162342A34E3A7007655F7 = {
						CreatedOnToolsVersion = 14.1;
						LastSwiftMigration = 1410;
					};
				};
			};
			buildConfigurationList = ABF162302A34E3A7007655F7 /* Build configuration list for PBXProject "modeler" */;
			compatibilityVersion = "Xcode 14.0";
			developmentRegion = en;
			hasScannedForEncodings = 0;
			knownRegions = (
				en,
				Base,
			);
			mainGroup = ABF1622C2A34E3A6007655F7;
			productRefGroup = ABF162362A34E3A7007655F7 /* Products */;
			projectDirPath = "";
			projectRoot = "";
			targets = (
				ABF162342A34E3A7007655F7 /* modeler */,
			);
		};
/* End PBXProject section */

/* Begin PBXResourcesBuildPhase section */
		ABF162332A34E3A7007655F7 /* Resources */ = {
			isa = PBXResourcesBuildPhase;
			buildActionMask = 2147483647;
			files = (
				AB7E0B0B2D163FE40068EC79 /* lenna.rgba in Resources */,
				ABC0F3072C05B82B00771076 /* roboto.ttf in Resources */,
				AB6C10242BA0F9A9004667E0 /* triangle.frag.spv in Resources */,
				AB6C10252BA0F9A9004667E0 /* triangle.vert.spv in Resources */,
				AB6C10262BA0F9A9004667E0 /* window_border.frag.spv in Resources */,
				AB6C10272BA0F9A9004667E0 /* window_border.vert.spv in Resources */,
				ABF162402A34E3AC007655F7 /* Preview Assets.xcassets in Resources */,
				ABE1DEF52A3592D600A963A6 /* vulkan in Resources */,
				ABF1623D2A34E3AC007655F7 /* Assets.xcassets in Resources */,
			);
			runOnlyForDeploymentPostprocessing = 0;
		};
/* End PBXResourcesBuildPhase section */

/* Begin PBXShellScriptBuildPhase section */
		AB4D1BEE2B384CBF00717FEC /* Run make */ = {
			isa = PBXShellScriptBuildPhase;
			alwaysOutOfDate = 1;
			buildActionMask = 2147483647;
			files = (
			);
			inputFileListPaths = (
			);
			inputPaths = (
			);
			name = "Run make";
			outputFileListPaths = (
			);
			outputPaths = (
			);
			runOnlyForDeploymentPostprocessing = 0;
			shellPath = /bin/sh;
			shellScript = "make -C ../ modeler.a ENABLE_IMGUI=true DEBUG=true\nmake -C ../ imgui.a ENABLE_IMGUI=true DEBUG=true\n";
		};
/* End PBXShellScriptBuildPhase section */

/* Begin PBXSourcesBuildPhase section */
		ABF162312A34E3A7007655F7 /* Sources */ = {
			isa = PBXSourcesBuildPhase;
			buildActionMask = 2147483647;
			files = (
				ABD9E0172B2BA4F8008932DB /* ModelerWindowController.swift in Sources */,
				AB330EEB2BD9D46700FC06CE /* ModelerViewController.swift in Sources */,
				AB60A70F2A6CFBE0001D4DB2 /* main.swift in Sources */,
				AB42D93B2B17BF5E00CAF4C0 /* ModelerWindow.swift in Sources */,
				ABF1623B2A34E3A7007655F7 /* ModelerView.swift in Sources */,
				ABE1DF2A2A40C18800A963A6 /* AppDelegate.swift in Sources */,
			);
			runOnlyForDeploymentPostprocessing = 0;
		};
/* End PBXSourcesBuildPhase section */

/* Begin XCBuildConfiguration section */
		ABF162422A34E3AC007655F7 /* Debug */ = {
			isa = XCBuildConfiguration;
			buildSettings = {
				ALWAYS_SEARCH_USER_PATHS = NO;
				CLANG_ANALYZER_NONNULL = YES;
				CLANG_ANALYZER_NUMBER_OBJECT_CONVERSION = YES_AGGRESSIVE;
				CLANG_CXX_LANGUAGE_STANDARD = "gnu++20";
				CLANG_ENABLE_MODULES = YES;
				CLANG_ENABLE_OBJC_ARC = YES;
				CLANG_ENABLE_OBJC_WEAK = YES;
				CLANG_WARN_BLOCK_CAPTURE_AUTORELEASING = YES;
				CLANG_WARN_BOOL_CONVERSION = YES;
				CLANG_WARN_COMMA = YES;
				CLANG_WARN_CONSTANT_CONVERSION = YES;
				CLANG_WARN_DEPRECATED_OBJC_IMPLEMENTATIONS = YES;
				CLANG_WARN_DIRECT_OBJC_ISA_USAGE = YES_ERROR;
				CLANG_WARN_DOCUMENTATION_COMMENTS = YES;
				CLANG_WARN_EMPTY_BODY = YES;
				CLANG_WARN_ENUM_CONVERSION = YES;
				CLANG_WARN_INFINITE_RECURSION = YES;
				CLANG_WARN_INT_CONVERSION = YES;
				CLANG_WARN_NON_LITERAL_NULL_CONVERSION = YES;
				CLANG_WARN_OBJC_IMPLICIT_RETAIN_SELF = YES;
				CLANG_WARN_OBJC_LITERAL_CONVERSION = YES;
				CLANG_WARN_OBJC_ROOT_CLASS = YES_ERROR;
				CLANG_WARN_QUOTED_INCLUDE_IN_FRAMEWORK_HEADER = YES;
				CLANG_WARN_RANGE_LOOP_ANALYSIS = YES;
				CLANG_WARN_STRICT_PROTOTYPES = YES;
				CLANG_WARN_SUSPICIOUS_MOVE = YES;
				CLANG_WARN_UNGUARDED_AVAILABILITY = YES_AGGRESSIVE;
				CLANG_WARN_UNREACHABLE_CODE = YES;
				CLANG_WARN__DUPLICATE_METHOD_MATCH = YES;
				COPY_PHASE_STRIP = NO;
				DEBUG_INFORMATION_FORMAT = dwarf;
				ENABLE_STRICT_OBJC_MSGSEND = YES;
				ENABLE_TESTABILITY = YES;
				GCC_C_LANGUAGE_STANDARD = gnu11;
				GCC_DYNAMIC_NO_PIC = NO;
				GCC_NO_COMMON_BLOCKS = YES;
				GCC_OPTIMIZATION_LEVEL = 0;
				GCC_PREPROCESSOR_DEFINITIONS = (
					"DEBUG=1",
					"$(inherited)",
				);
				GCC_WARN_64_TO_32_BIT_CONVERSION = YES;
				GCC_WARN_ABOUT_RETURN_TYPE = YES_ERROR;
				GCC_WARN_UNDECLARED_SELECTOR = YES;
				GCC_WARN_UNINITIALIZED_AUTOS = YES_AGGRESSIVE;
				GCC_WARN_UNUSED_FUNCTION = YES;
				GCC_WARN_UNUSED_VARIABLE = YES;
				MACOSX_DEPLOYMENT_TARGET = 13.0;
				MTL_ENABLE_DEBUG_INFO = INCLUDE_SOURCE;
				MTL_FAST_MATH = YES;
				ONLY_ACTIVE_ARCH = YES;
				SDKROOT = macosx;
				SWIFT_ACTIVE_COMPILATION_CONDITIONS = DEBUG;
				SWIFT_OPTIMIZATION_LEVEL = "-Onone";
			};
			name = Debug;
		};
		ABF162432A34E3AC007655F7 /* Release */ = {
			isa = XCBuildConfiguration;
			buildSettings = {
				ALWAYS_SEARCH_USER_PATHS = NO;
				CLANG_ANALYZER_NONNULL = YES;
				CLANG_ANALYZER_NUMBER_OBJECT_CONVERSION = YES_AGGRESSIVE;
				CLANG_CXX_LANGUAGE_STANDARD = "gnu++20";
				CLANG_ENABLE_MODULES = YES;
				CLANG_ENABLE_OBJC_ARC = YES;
				CLANG_ENABLE_OBJC_WEAK = YES;
				CLANG_WARN_BLOCK_CAPTURE_AUTORELEASING = YES;
				CLANG_WARN_BOOL_CONVERSION = YES;
				CLANG_WARN_COMMA = YES;
				CLANG_WARN_CONSTANT_CONVERSION = YES;
				CLANG_WARN_DEPRECATED_OBJC_IMPLEMENTATIONS = YES;
				CLANG_WARN_DIRECT_OBJC_ISA_USAGE = YES_ERROR;
				CLANG_WARN_DOCUMENTATION_COMMENTS = YES;
				CLANG_WARN_EMPTY_BODY = YES;
				CLANG_WARN_ENUM_CONVERSION = YES;
				CLANG_WARN_INFINITE_RECURSION = YES;
				CLANG_WARN_INT_CONVERSION = YES;
				CLANG_WARN_NON_LITERAL_NULL_CONVERSION = YES;
				CLANG_WARN_OBJC_IMPLICIT_RETAIN_SELF = YES;
				CLANG_WARN_OBJC_LITERAL_CONVERSION = YES;
				CLANG_WARN_OBJC_ROOT_CLASS = YES_ERROR;
				CLANG_WARN_QUOTED_INCLUDE_IN_FRAMEWORK_HEADER = YES;
				CLANG_WARN_RANGE_LOOP_ANALYSIS = YES;
				CLANG_WARN_STRICT_PROTOTYPES = YES;
				CLANG_WARN_SUSPICIOUS_MOVE = YES;
				CLANG_WARN_UNGUARDED_AVAILABILITY = YES_AGGRESSIVE;
				CLANG_WARN_UNREACHABLE_CODE = YES;
				CLANG_WARN__DUPLICATE_METHOD_MATCH = YES;
				COPY_PHASE_STRIP = NO;
				DEBUG_INFORMATION_FORMAT = "dwarf-with-dsym";
				ENABLE_NS_ASSERTIONS = NO;
				ENABLE_STRICT_OBJC_MSGSEND = YES;
				GCC_C_LANGUAGE_STANDARD = gnu11;
				GCC_NO_COMMON_BLOCKS = YES;
				GCC_WARN_64_TO_32_BIT_CONVERSION = YES;
				GCC_WARN_ABOUT_RETURN_TYPE = YES_ERROR;
				GCC_WARN_UNDECLARED_SELECTOR = YES;
				GCC_WARN_UNINITIALIZED_AUTOS = YES_AGGRESSIVE;
				GCC_WARN_UNUSED_FUNCTION = YES;
				GCC_WARN_UNUSED_VARIABLE = YES;
				MACOSX_DEPLOYMENT_TARGET = 13.0;
				MTL_ENABLE_DEBUG_INFO = NO;
				MTL_FAST_MATH = YES;
				SDKROOT = macosx;
				SWIFT_COMPILATION_MODE = wholemodule;
				SWIFT_OPTIMIZATION_LEVEL = "-O";
			};
			name = Release;
		};
		ABF162452A34E3AC007655F7 /* Debug */ = {
			isa = XCBuildConfiguration;
			buildSettings = {
				ASSETCATALOG_COMPILER_APPICON_NAME = AppIcon;
				ASSETCATALOG_COMPILER_GLOBAL_ACCENT_COLOR_NAME = AccentColor;
				CLANG_ENABLE_MODULES = YES;
				CODE_SIGN_ENTITLEMENTS = modeler/modeler.entitlements;
				CODE_SIGN_IDENTITY = "Apple Development";
				CODE_SIGN_STYLE = Automatic;
				COMBINE_HIDPI_IMAGES = YES;
				CURRENT_PROJECT_VERSION = 1;
				DEVELOPMENT_ASSET_PATHS = "\"modeler/Preview Content\"";
				DEVELOPMENT_TEAM = 7HFW7BP6VZ;
				ENABLE_HARDENED_RUNTIME = YES;
				ENABLE_PREVIEWS = YES;
				GENERATE_INFOPLIST_FILE = YES;
				HEADER_SEARCH_PATHS = $VULKAN_HEADERS;
				INFOPLIST_FILE = modeler/Info.plist;
				INFOPLIST_KEY_NSHumanReadableCopyright = "";
				LD_RUNPATH_SEARCH_PATHS = (
					"$(inherited)",
					"@executable_path/../Frameworks",
				);
				LIBRARY_SEARCH_PATHS = $VULKAN_LIB;
				MARKETING_VERSION = 1.0;
				OTHER_LDFLAGS = "-lc++";
				PRODUCT_BUNDLE_IDENTIFIER = io.abalog.modeler;
				PRODUCT_NAME = "$(TARGET_NAME)";
				PROVISIONING_PROFILE_SPECIFIER = "";
				SWIFT_EMIT_LOC_STRINGS = YES;
				SWIFT_OBJC_BRIDGING_HEADER = "modeler/modeler-Bridging-Header.h";
				SWIFT_OPTIMIZATION_LEVEL = "-Onone";
				SWIFT_VERSION = 5.0;
			};
			name = Debug;
		};
		ABF162462A34E3AC007655F7 /* Release */ = {
			isa = XCBuildConfiguration;
			buildSettings = {
				ASSETCATALOG_COMPILER_APPICON_NAME = AppIcon;
				ASSETCATALOG_COMPILER_GLOBAL_ACCENT_COLOR_NAME = AccentColor;
				CLANG_ENABLE_MODULES = YES;
				CODE_SIGN_ENTITLEMENTS = modeler/modeler.entitlements;
				CODE_SIGN_IDENTITY = "Apple Development";
				CODE_SIGN_STYLE = Automatic;
				COMBINE_HIDPI_IMAGES = YES;
				CURRENT_PROJECT_VERSION = 1;
				DEVELOPMENT_ASSET_PATHS = "\"modeler/Preview Content\"";
				DEVELOPMENT_TEAM = 7HFW7BP6VZ;
				ENABLE_HARDENED_RUNTIME = YES;
				ENABLE_PREVIEWS = YES;
				GENERATE_INFOPLIST_FILE = YES;
				HEADER_SEARCH_PATHS = $VULKAN_HEADERS;
				INFOPLIST_FILE = modeler/Info.plist;
				INFOPLIST_KEY_NSHumanReadableCopyright = "";
				LD_RUNPATH_SEARCH_PATHS = (
					"$(inherited)",
					"@executable_path/../Frameworks",
				);
				LIBRARY_SEARCH_PATHS = $VULKAN_LIB;
				MARKETING_VERSION = 1.0;
				OTHER_LDFLAGS = "-lc++";
				PRODUCT_BUNDLE_IDENTIFIER = io.abalog.modeler;
				PRODUCT_NAME = "$(TARGET_NAME)";
				PROVISIONING_PROFILE_SPECIFIER = "";
				SWIFT_EMIT_LOC_STRINGS = YES;
				SWIFT_OBJC_BRIDGING_HEADER = "modeler/modeler-Bridging-Header.h";
				SWIFT_VERSION = 5.0;
			};
			name = Release;
		};
/* End XCBuildConfiguration section */

/* Begin XCConfigurationList section */
		ABF162302A34E3A7007655F7 /* Build configuration list for PBXProject "modeler" */ = {
			isa = XCConfigurationList;
			buildConfigurations = (
				ABF162422A34E3AC007655F7 /* Debug */,
				ABF162432A34E3AC007655F7 /* Release */,
			);
			defaultConfigurationIsVisible = 0;
			defaultConfigurationName = Release;
		};
		ABF162442A34E3AC007655F7 /* Build configuration list for PBXNativeTarget "modeler" */ = {
			isa = XCConfigurationList;
			buildConfigurations = (
				ABF162452A34E3AC007655F7 /* Debug */,
				ABF162462A34E3AC007655F7 /* Release */,
			);
			defaultConfigurationIsVisible = 0;
			defaultConfigurationName = Release;
		};
/* End XCConfigurationList section */
	};
	rootObject = ABF1622D2A34E3A6007655F7 /* Project object */;
}
